
Microsoft Visual Studio Solution File, Format Version 12.00
# Visual Studio Version 17
VisualStudioVersion = 17.6.33829.357
MinimumVisualStudioVersion = 10.0.40219.1
Project("{9A19103F-16F7-4668-BE54-9A1E7A4F7556}") = "Laboratorium1", "Laboratorium1\Laboratorium1.csproj", "{9CBDBE5A-C030-431A-9C2E-150BEB1A6B98}"
EndProject
Project("{9A19103F-16F7-4668-BE54-9A1E7A4F7556}") = "Laboratorium2", "Laboratorium2\Laboratorium2.csproj", "{03908F92-6826-4DBC-AE2C-4AAE614245B2}"
EndProject
Project("{9A19103F-16F7-4668-BE54-9A1E7A4F7556}") = "Laboratorium3", "Laboratorium3\Laboratorium3.csproj", "{E5A60C1E-A582-45E8-8CA7-D619C7CB0C1A}"
EndProject
Project("{9A19103F-16F7-4668-BE54-9A1E7A4F7556}") = "Laboratorium3-Product", "Laboratorium3-Product\Laboratorium3-Product.csproj", "{306313AF-E1F9-465B-91C1-55245B1A72F3}"
EndProject
Project("{FAE04EC0-301F-11D3-BF4B-00C04F79EFBC}") = "Data", "Data\Data.csproj", "{30661009-21A7-4546-BCFA-9FEF1223AC94}"
EndProject
Project("{FAE04EC0-301F-11D3-BF4B-00C04F79EFBC}") = "Laboratorium3-UnitTests", "Laboratorium3-UnitTests\Laboratorium3-UnitTests.csproj", "{65295727-487A-4713-8C3A-EF80CEDE920B}"
EndProject
Project("{FAE04EC0-301F-11D3-BF4B-00C04F79EFBC}") = "Laboratorium3-Product-UnitTests", "Laboratorium3-Product-UnitTests\Laboratorium3-Product-UnitTests.csproj", "{FE0632E5-15D9-4E12-8F96-5D86A04A9601}"
EndProject
Global
	GlobalSection(SolutionConfigurationPlatforms) = preSolution
		Debug|Any CPU = Debug|Any CPU
		Release|Any CPU = Release|Any CPU
	EndGlobalSection
	GlobalSection(ProjectConfigurationPlatforms) = postSolution
		{9CBDBE5A-C030-431A-9C2E-150BEB1A6B98}.Debug|Any CPU.ActiveCfg = Debug|Any CPU
		{9CBDBE5A-C030-431A-9C2E-150BEB1A6B98}.Debug|Any CPU.Build.0 = Debug|Any CPU
		{9CBDBE5A-C030-431A-9C2E-150BEB1A6B98}.Release|Any CPU.ActiveCfg = Release|Any CPU
		{9CBDBE5A-C030-431A-9C2E-150BEB1A6B98}.Release|Any CPU.Build.0 = Release|Any CPU
		{03908F92-6826-4DBC-AE2C-4AAE614245B2}.Debug|Any CPU.ActiveCfg = Debug|Any CPU
		{03908F92-6826-4DBC-AE2C-4AAE614245B2}.Debug|Any CPU.Build.0 = Debug|Any CPU
		{03908F92-6826-4DBC-AE2C-4AAE614245B2}.Release|Any CPU.ActiveCfg = Release|Any CPU
		{03908F92-6826-4DBC-AE2C-4AAE614245B2}.Release|Any CPU.Build.0 = Release|Any CPU
		{E5A60C1E-A582-45E8-8CA7-D619C7CB0C1A}.Debug|Any CPU.ActiveCfg = Debug|Any CPU
		{E5A60C1E-A582-45E8-8CA7-D619C7CB0C1A}.Debug|Any CPU.Build.0 = Debug|Any CPU
		{E5A60C1E-A582-45E8-8CA7-D619C7CB0C1A}.Release|Any CPU.ActiveCfg = Release|Any CPU
		{E5A60C1E-A582-45E8-8CA7-D619C7CB0C1A}.Release|Any CPU.Build.0 = Release|Any CPU
		{306313AF-E1F9-465B-91C1-55245B1A72F3}.Debug|Any CPU.ActiveCfg = Debug|Any CPU
		{306313AF-E1F9-465B-91C1-55245B1A72F3}.Debug|Any CPU.Build.0 = Debug|Any CPU
		{306313AF-E1F9-465B-91C1-55245B1A72F3}.Release|Any CPU.ActiveCfg = Release|Any CPU
		{306313AF-E1F9-465B-91C1-55245B1A72F3}.Release|Any CPU.Build.0 = Release|Any CPU
		{30661009-21A7-4546-BCFA-9FEF1223AC94}.Debug|Any CPU.ActiveCfg = Debug|Any CPU
		{30661009-21A7-4546-BCFA-9FEF1223AC94}.Debug|Any CPU.Build.0 = Debug|Any CPU
		{30661009-21A7-4546-BCFA-9FEF1223AC94}.Release|Any CPU.ActiveCfg = Release|Any CPU
		{30661009-21A7-4546-BCFA-9FEF1223AC94}.Release|Any CPU.Build.0 = Release|Any CPU
		{65295727-487A-4713-8C3A-EF80CEDE920B}.Debug|Any CPU.ActiveCfg = Debug|Any CPU
		{65295727-487A-4713-8C3A-EF80CEDE920B}.Debug|Any CPU.Build.0 = Debug|Any CPU
		{65295727-487A-4713-8C3A-EF80CEDE920B}.Release|Any CPU.ActiveCfg = Release|Any CPU
		{65295727-487A-4713-8C3A-EF80CEDE920B}.Release|Any CPU.Build.0 = Release|Any CPU
		{FE0632E5-15D9-4E12-8F96-5D86A04A9601}.Debug|Any CPU.ActiveCfg = Debug|Any CPU
		{FE0632E5-15D9-4E12-8F96-5D86A04A9601}.Debug|Any CPU.Build.0 = Debug|Any CPU
		{FE0632E5-15D9-4E12-8F96-5D86A04A9601}.Release|Any CPU.ActiveCfg = Release|Any CPU
		{FE0632E5-15D9-4E12-8F96-5D86A04A9601}.Release|Any CPU.Build.0 = Release|Any CPU
	EndGlobalSection
	GlobalSection(SolutionProperties) = preSolution
		HideSolutionNode = FALSE
	EndGlobalSection
	GlobalSection(ExtensibilityGlobals) = postSolution
		SolutionGuid = {C676401C-B97A-4DD3-A430-8EBEC84F0499}
	EndGlobalSection
EndGlobal
